{
    "_readme": [
        "This file locks the dependencies of your project to a known state",
        "Read more about it at https://getcomposer.org/doc/01-basic-usage.md#installing-dependencies",
        "This file is @generated automatically"
    ],
    "content-hash": "74a6ac9fd256ffbf6504d7a86b073b11",
    "packages": [
        {
            "name": "getkirby/composer-installer",
            "version": "1.1.4",
            "source": {
                "type": "git",
                "url": "https://github.com/getkirby/composer-installer.git",
                "reference": "2d6b8f5601a31caeeea45623e1643fbb437eb94e"
            },
            "dist": {
                "type": "zip",
                "url": "https://api.github.com/repos/getkirby/composer-installer/zipball/2d6b8f5601a31caeeea45623e1643fbb437eb94e",
                "reference": "2d6b8f5601a31caeeea45623e1643fbb437eb94e",
                "shasum": ""
            },
            "require": {
                "composer-plugin-api": "^1.0"
            },
            "require-dev": {
                "composer/composer": "^1.8",
                "phpunit/phpunit": "^7.0"
            },
            "type": "composer-plugin",
            "extra": {
                "class": "Kirby\\ComposerInstaller\\Plugin"
            },
            "autoload": {
                "psr-4": {
                    "Kirby\\": "src/"
                }
            },
            "notification-url": "https://packagist.org/downloads/",
            "license": [
                "MIT"
            ],
            "description": "Kirby's custom Composer installer for the Kirby CMS and for Kirby plugins",
            "homepage": "https://getkirby.com",
            "time": "2019-02-11T20:27:36+00:00"
        },
        {
            "name": "mzur/kirby-flash",
            "version": "v2.0.0",
            "source": {
                "type": "git",
                "url": "https://github.com/mzur/kirby-flash.git",
                "reference": "a48131bad4a5178a883223f2f83a6a59d8f5cc6a"
            },
            "dist": {
                "type": "zip",
                "url": "https://api.github.com/repos/mzur/kirby-flash/zipball/a48131bad4a5178a883223f2f83a6a59d8f5cc6a",
                "reference": "a48131bad4a5178a883223f2f83a6a59d8f5cc6a",
                "shasum": ""
            },
            "require-dev": {
                "getkirby/kirby": "^3.0",
                "mzur/kirby-defuse-session": "^1.0",
                "phpunit/phpunit": "^6.0"
            },
            "type": "library",
            "extra": {
                "kirby-cms-path": "vendor/getkirby/kirby"
            },
            "autoload": {
                "psr-4": {
                    "Jevets\\Kirby\\": "src/"
                },
                "files": [
                    "src/helpers.php"
                ]
            },
            "notification-url": "https://packagist.org/downloads/",
            "license": [
                "MIT"
            ],
            "authors": [
                {
                    "name": "Steve Jamesson",
                    "email": "steve@evendev.com"
                },
                {
                    "name": "Martin Zurowietz",
                    "email": "martin@the-inspired-ones.de"
                }
            ],
            "description": "Stores data in the session for the next request. Data is removed after the next page load.",
            "keywords": [
                "flash",
                "kirby",
                "session"
            ],
            "time": "2019-01-15T19:28:31+00:00"
        },
        {
            "name": "mzur/kirby-form",
            "version": "v2.0.0",
            "source": {
                "type": "git",
                "url": "https://github.com/mzur/kirby-form.git",
                "reference": "1ca69fa9e9b33c48021607c22e7831267fa88d89"
            },
            "dist": {
                "type": "zip",
                "url": "https://api.github.com/repos/mzur/kirby-form/zipball/1ca69fa9e9b33c48021607c22e7831267fa88d89",
                "reference": "1ca69fa9e9b33c48021607c22e7831267fa88d89",
                "shasum": ""
            },
            "require": {
                "mzur/kirby-flash": "^2.0"
            },
            "require-dev": {
                "getkirby/kirby": "^3.0",
                "mzur/kirby-defuse-session": "^1.0",
                "phpunit/phpunit": "^6.0"
            },
            "type": "library",
            "extra": {
                "kirby-cms-path": "vendor/getkirby/kirby"
            },
            "autoload": {
                "psr-4": {
                    "Jevets\\Kirby\\": "src/"
                },
                "files": [
                    "src/helpers.php"
                ]
            },
            "notification-url": "https://packagist.org/downloads/",
            "license": [
                "MIT"
            ],
            "authors": [
                {
                    "name": "Steve Jamesson",
                    "email": "steve@evendev.com"
                },
                {
                    "name": "Martin Zurowietz",
                    "email": "martin@the-inspired-ones.de"
                }
            ],
            "description": "A form helper for Kirby-based websites, using the Post/Redirect/Get pattern.",
            "keywords": [
                "form",
                "kirby"
            ],
            "time": "2019-01-15T19:33:19+00:00"
        },
        {
            "name": "mzur/kirby-uniform",
            "version": "v4.0.1",
            "source": {
                "type": "git",
                "url": "https://github.com/mzur/kirby-uniform.git",
                "reference": "747c706989e46022cc33658569b558784d2119d5"
            },
            "dist": {
                "type": "zip",
                "url": "https://api.github.com/repos/mzur/kirby-uniform/zipball/747c706989e46022cc33658569b558784d2119d5",
                "reference": "747c706989e46022cc33658569b558784d2119d5",
                "shasum": ""
            },
            "require": {
                "mzur/kirby-form": "^2.0"
            },
            "require-dev": {
                "getkirby/kirby": "^3.0",
                "mzur/kirby-defuse-session": "^1.0",
                "phpunit/phpunit": "^6.0"
            },
            "type": "library",
            "extra": {
                "kirby-cms-path": "vendor/getkirby/kirby"
            },
            "autoload": {
                "psr-4": {
                    "Uniform\\": "src/"
                },
                "files": [
                    "config.php",
                    "src/helpers.php"
                ]
            },
            "notification-url": "https://packagist.org/downloads/",
            "license": [
                "GPL-2.0"
            ],
            "authors": [
                {
                    "name": "Martin Zurowietz",
                    "email": "martin@the-inspired-ones.de"
                }
            ],
            "description": "A versatile Kirby 2 plugin to handle web form actions.",
            "keywords": [
                "form",
                "kirby"
            ],
            "time": "2019-01-22T07:49:59+00:00"
        }
    ],
    "packages-dev": [],
    "aliases": [],
    "minimum-stability": "stable",
    "stability-flags": [],
    "prefer-stable": false,
    "prefer-lowest": false,
    "platform": [],
    "platform-dev": []
}
